
Microsoft Visual Studio Solution File, Format Version 12.00
# Visual Studio Version 16
VisualStudioVersion = 16.0.30011.22
MinimumVisualStudioVersion = 10.0.40219.1
Project("{FAE04EC0-301F-11D3-BF4B-00C04F79EFBC}") = "Dashboard", "Dashboard\Dashboard.csproj", "{0DE5F920-A751-4F5E-9B39-812625292D1F}"
EndProject
Global
	GlobalSection(SolutionConfigurationPlatforms) = preSolution
		Debug|Any CPU = Debug|Any CPU
		Release|Any CPU = Release|Any CPU
	EndGlobalSection
	GlobalSection(ProjectConfigurationPlatforms) = postSolution
		{0DE5F920-A751-4F5E-9B39-812625292D1F}.Debug|Any CPU.ActiveCfg = Debug|Any CPU
		{0DE5F920-A751-4F5E-9B39-812625292D1F}.Debug|Any CPU.Build.0 = Debug|Any CPU
		{0DE5F920-A751-4F5E-9B39-812625292D1F}.Release|Any CPU.ActiveCfg = Release|Any CPU
		{0DE5F920-A751-4F5E-9B39-812625292D1F}.Release|Any CPU.Build.0 = Release|Any CPU
	EndGlobalSection
	GlobalSection(SolutionProperties) = preSolution
		HideSolutionNode = FALSE
	EndGlobalSection
	GlobalSection(ExtensibilityGlobals) = postSolution
		SolutionGuid = {628F4761-3E75-433D-B0FE-D7CAB04D55F1}
	EndGlobalSection
EndGlobal
